
Microsoft Visual Studio Solution File, Format Version 12.00
# Visual Studio Version 16
VisualStudioVersion = 16.0.31313.79
MinimumVisualStudioVersion = 10.0.40219.1
Project("{FAE04EC0-301F-11D3-BF4B-00C04F79EFBC}") = "NTPTimeUpdater", "NTPTimeUpdater.csproj", "{0628A264-3CF5-42B4-8E4E-D01FA58EECB5}"
EndProject
Global
	GlobalSection(SolutionConfigurationPlatforms) = preSolution
		Debug|Any CPU = Debug|Any CPU
		Release|Any CPU = Release|Any CPU
	EndGlobalSection
	GlobalSection(ProjectConfigurationPlatforms) = postSolution
		{0628A264-3CF5-42B4-8E4E-D01FA58EECB5}.Debug|Any CPU.ActiveCfg = Debug|Any CPU
		{0628A264-3CF5-42B4-8E4E-D01FA58EECB5}.Debug|Any CPU.Build.0 = Debug|Any CPU
		{0628A264-3CF5-42B4-8E4E-D01FA58EECB5}.Release|Any CPU.ActiveCfg = Release|Any CPU
		{0628A264-3CF5-42B4-8E4E-D01FA58EECB5}.Release|Any CPU.Build.0 = Release|Any CPU
	EndGlobalSection
	GlobalSection(SolutionProperties) = preSolution
		HideSolutionNode = FALSE
	EndGlobalSection
	GlobalSection(ExtensibilityGlobals) = postSolution
		SolutionGuid = {A9171E69-4DDA-4461-B6B3-94A598556843}
	EndGlobalSection
EndGlobal
